PODS:
  - MovieousBase (1.0.7)
  - MovieousLive (2.0.2):
    - MovieousBase (= 1.0.7)
  - SnapKit (4.2.0)

DEPENDENCIES:
  - MovieousLive (from `../`)
  - SnapKit

SPEC REPOS:
  https://github.com/cocoapods/specs.git:
    - MovieousBase
    - SnapKit

EXTERNAL SOURCES:
  MovieousLive:
    :path: "../"

SPEC CHECKSUMS:
  MovieousBase: f9bbe9551ec701973f514b7d18875f97e935ea73
  MovieousLive: 03d64c1eedc5f9245c01cd1f31e7229a8ae2af33
  SnapKit: fe8a619752f3f27075cc9a90244d75c6c3f27e2a

PODFILE CHECKSUM: 5222403259521e827dda22aee825281e6126c51d

COCOAPODS: 1.6.1
