PODS:
  - MovieousBase (1.0.6)
  - MovieousLive (2.0.1):
    - MovieousBase (= 1.0.6)
  - SnapKit (4.2.0)

DEPENDENCIES:
  - MovieousLive (from `../`)
  - SnapKit

SPEC REPOS:
  https://github.com/cocoapods/specs.git:
    - MovieousBase
    - SnapKit

EXTERNAL SOURCES:
  MovieousLive:
    :path: "../"

SPEC CHECKSUMS:
  MovieousBase: 540ea82e2935afde14ad39d5efc3dded41b6f867
  MovieousLive: 7723b5663a8bb4090a11f3d012bc06e393572667
  SnapKit: fe8a619752f3f27075cc9a90244d75c6c3f27e2a

PODFILE CHECKSUM: 5222403259521e827dda22aee825281e6126c51d

COCOAPODS: 1.6.1
