PODS:
  - MovieousBase (1.0.5)
  - MovieousLive (2.0.1):
    - MovieousBase (= 1.0.5)
  - SnapKit (4.2.0)

DEPENDENCIES:
  - MovieousLive (from `../`)
  - SnapKit

SPEC REPOS:
  https://github.com/cocoapods/specs.git:
    - MovieousBase
    - SnapKit

EXTERNAL SOURCES:
  MovieousLive:
    :path: "../"

SPEC CHECKSUMS:
  MovieousBase: 797b943b7c98cacc0010a4f53265a0df110acb6a
  MovieousLive: 097a38b951a2d555e85654f2c353ba19c0663b58
  SnapKit: fe8a619752f3f27075cc9a90244d75c6c3f27e2a

PODFILE CHECKSUM: 5222403259521e827dda22aee825281e6126c51d

COCOAPODS: 1.6.1
